
Microsoft Visual Studio Solution File, Format Version 12.00
# Visual Studio 15
VisualStudioVersion = 15.0.28010.2046
MinimumVisualStudioVersion = 10.0.40219.1
Project("{FAE04EC0-301F-11D3-BF4B-00C04F79EFBC}") = "Lab3", "Lab3\Lab3.csproj", "{2358B260-E5FC-48FD-AC07-2846BE831E79}"
EndProject
Global
	GlobalSection(SolutionConfigurationPlatforms) = preSolution
		Debug|Any CPU = Debug|Any CPU
		Release|Any CPU = Release|Any CPU
	EndGlobalSection
	GlobalSection(ProjectConfigurationPlatforms) = postSolution
		{2358B260-E5FC-48FD-AC07-2846BE831E79}.Debug|Any CPU.ActiveCfg = Debug|Any CPU
		{2358B260-E5FC-48FD-AC07-2846BE831E79}.Debug|Any CPU.Build.0 = Debug|Any CPU
		{2358B260-E5FC-48FD-AC07-2846BE831E79}.Release|Any CPU.ActiveCfg = Release|Any CPU
		{2358B260-E5FC-48FD-AC07-2846BE831E79}.Release|Any CPU.Build.0 = Release|Any CPU
	EndGlobalSection
	GlobalSection(SolutionProperties) = preSolution
		HideSolutionNode = FALSE
	EndGlobalSection
	GlobalSection(ExtensibilityGlobals) = postSolution
		SolutionGuid = {F9B2874C-490B-40D7-8D99-88657DA37352}
	EndGlobalSection
EndGlobal
